// !$*UTF8*$!
{
	archiveVersion = 1;
	classes = {
	};
	objectVersion = 50;
	objects = {

/* Begin PBXBuildFile section */
		CE017B6B9CA19C9FBBB86F32 /* Pods_traQ_R_second.framework in Frameworks */ = {isa = PBXBuildFile; fileRef = CE1B19AA25B7DC1360F80032 /* Pods_traQ_R_second.framework */; };
		E5DE7E142224FB0500EC8EC0 /* GoogleService-Info.plist in Resources */ = {isa = PBXBuildFile; fileRef = E5DE7E132224FB0500EC8EC0 /* GoogleService-Info.plist */; };
		E5E7B6D62224F70400B5B575 /* AppDelegate.swift in Sources */ = {isa = PBXBuildFile; fileRef = E5E7B6D52224F70400B5B575 /* AppDelegate.swift */; };
		E5E7B6D82224F70400B5B575 /* ViewController.swift in Sources */ = {isa = PBXBuildFile; fileRef = E5E7B6D72224F70400B5B575 /* ViewController.swift */; };
		E5E7B6DB2224F70400B5B575 /* Main.storyboard in Resources */ = {isa = PBXBuildFile; fileRef = E5E7B6D92224F70400B5B575 /* Main.storyboard */; };
		E5E7B6DD2224F70B00B5B575 /* Assets.xcassets in Resources */ = {isa = PBXBuildFile; fileRef = E5E7B6DC2224F70B00B5B575 /* Assets.xcassets */; };
		E5E7B6E02224F70B00B5B575 /* LaunchScreen.storyboard in Resources */ = {isa = PBXBuildFile; fileRef = E5E7B6DE2224F70B00B5B575 /* LaunchScreen.storyboard */; };
/* End PBXBuildFile section */

/* Begin PBXFileReference section */
		3460C98CAA9627EAC97BFCA5 /* Pods-traQ-R second.debug.xcconfig */ = {isa = PBXFileReference; includeInIndex = 1; lastKnownFileType = text.xcconfig; name = "Pods-traQ-R second.debug.xcconfig"; path = "Pods/Target Support Files/Pods-traQ-R second/Pods-traQ-R second.debug.xcconfig"; sourceTree = "<group>"; };
		C14ECCB48CB7A7C783FE088D /* Pods-traQ-R second.release.xcconfig */ = {isa = PBXFileReference; includeInIndex = 1; lastKnownFileType = text.xcconfig; name = "Pods-traQ-R second.release.xcconfig"; path = "Pods/Target Support Files/Pods-traQ-R second/Pods-traQ-R second.release.xcconfig"; sourceTree = "<group>"; };
		CE1B19AA25B7DC1360F80032 /* Pods_traQ_R_second.framework */ = {isa = PBXFileReference; explicitFileType = wrapper.framework; includeInIndex = 0; path = Pods_traQ_R_second.framework; sourceTree = BUILT_PRODUCTS_DIR; };
		E5DE7E132224FB0500EC8EC0 /* GoogleService-Info.plist */ = {isa = PBXFileReference; fileEncoding = 4; lastKnownFileType = text.plist.xml; name = "GoogleService-Info.plist"; path = "../../../Downloads/GoogleService-Info.plist"; sourceTree = "<group>"; };
		E5E7B6D22224F70400B5B575 /* traQ-R second.app */ = {isa = PBXFileReference; explicitFileType = wrapper.application; includeInIndex = 0; path = "traQ-R second.app"; sourceTree = BUILT_PRODUCTS_DIR; };
		E5E7B6D52224F70400B5B575 /* AppDelegate.swift */ = {isa = PBXFileReference; lastKnownFileType = sourcecode.swift; path = AppDelegate.swift; sourceTree = "<group>"; };
		E5E7B6D72224F70400B5B575 /* ViewController.swift */ = {isa = PBXFileReference; lastKnownFileType = sourcecode.swift; path = ViewController.swift; sourceTree = "<group>"; };
		E5E7B6DA2224F70400B5B575 /* Base */ = {isa = PBXFileReference; lastKnownFileType = file.storyboard; name = Base; path = Base.lproj/Main.storyboard; sourceTree = "<group>"; };
		E5E7B6DC2224F70B00B5B575 /* Assets.xcassets */ = {isa = PBXFileReference; lastKnownFileType = folder.assetcatalog; path = Assets.xcassets; sourceTree = "<group>"; };
		E5E7B6DF2224F70B00B5B575 /* Base */ = {isa = PBXFileReference; lastKnownFileType = file.storyboard; name = Base; path = Base.lproj/LaunchScreen.storyboard; sourceTree = "<group>"; };
		E5E7B6E12224F70B00B5B575 /* Info.plist */ = {isa = PBXFileReference; lastKnownFileType = text.plist.xml; path = Info.plist; sourceTree = "<group>"; };
		E5E7B6E72224F74600B5B575 /* traQ-R second.entitlements */ = {isa = PBXFileReference; lastKnownFileType = text.plist.entitlements; path = "traQ-R second.entitlements"; sourceTree = "<group>"; };
/* End PBXFileReference section */

/* Begin PBXFrameworksBuildPhase section */
		E5E7B6CF2224F70400B5B575 /* Frameworks */ = {
			isa = PBXFrameworksBuildPhase;
			buildActionMask = 2147483647;
			files = (
				CE017B6B9CA19C9FBBB86F32 /* Pods_traQ_R_second.framework in Frameworks */,
			);
			runOnlyForDeploymentPostprocessing = 0;
		};
/* End PBXFrameworksBuildPhase section */

/* Begin PBXGroup section */
		094F0A604565D689DC598F70 /* Pods */ = {
			isa = PBXGroup;
			children = (
				3460C98CAA9627EAC97BFCA5 /* Pods-traQ-R second.debug.xcconfig */,
				C14ECCB48CB7A7C783FE088D /* Pods-traQ-R second.release.xcconfig */,
			);
			name = Pods;
			sourceTree = "<group>";
		};
		207A5F3B57CDF299D83C29E2 /* Frameworks */ = {
			isa = PBXGroup;
			children = (
				CE1B19AA25B7DC1360F80032 /* Pods_traQ_R_second.framework */,
			);
			name = Frameworks;
			sourceTree = "<group>";
		};
		E5E7B6C92224F70300B5B575 = {
			isa = PBXGroup;
			children = (
				E5E7B6D42224F70400B5B575 /* traQ-R second */,
				E5E7B6D32224F70400B5B575 /* Products */,
				094F0A604565D689DC598F70 /* Pods */,
				207A5F3B57CDF299D83C29E2 /* Frameworks */,
			);
			sourceTree = "<group>";
		};
		E5E7B6D32224F70400B5B575 /* Products */ = {
			isa = PBXGroup;
			children = (
				E5E7B6D22224F70400B5B575 /* traQ-R second.app */,
			);
			name = Products;
			sourceTree = "<group>";
		};
		E5E7B6D42224F70400B5B575 /* traQ-R second */ = {
			isa = PBXGroup;
			children = (
				E5DE7E132224FB0500EC8EC0 /* GoogleService-Info.plist */,
				E5E7B6E72224F74600B5B575 /* traQ-R second.entitlements */,
				E5E7B6D52224F70400B5B575 /* AppDelegate.swift */,
				E5E7B6D72224F70400B5B575 /* ViewController.swift */,
				E5E7B6D92224F70400B5B575 /* Main.storyboard */,
				E5E7B6DC2224F70B00B5B575 /* Assets.xcassets */,
				E5E7B6DE2224F70B00B5B575 /* LaunchScreen.storyboard */,
				E5E7B6E12224F70B00B5B575 /* Info.plist */,
			);
			path = "traQ-R second";
			sourceTree = "<group>";
		};
/* End PBXGroup section */

/* Begin PBXNativeTarget section */
		E5E7B6D12224F70400B5B575 /* traQ-R second */ = {
			isa = PBXNativeTarget;
			buildConfigurationList = E5E7B6E42224F70B00B5B575 /* Build configuration list for PBXNativeTarget "traQ-R second" */;
			buildPhases = (
				8EB699FA2F3965F162DA2C7B /* [CP] Check Pods Manifest.lock */,
				E5E7B6CE2224F70400B5B575 /* Sources */,
				E5E7B6CF2224F70400B5B575 /* Frameworks */,
				E5E7B6D02224F70400B5B575 /* Resources */,
				0A485ED20FAB62E4B28B657C /* [CP] Embed Pods Frameworks */,
			);
			buildRules = (
			);
			dependencies = (
			);
			name = "traQ-R second";
			productName = "traQ-R second";
			productReference = E5E7B6D22224F70400B5B575 /* traQ-R second.app */;
			productType = "com.apple.product-type.application";
		};
/* End PBXNativeTarget section */

/* Begin PBXProject section */
		E5E7B6CA2224F70300B5B575 /* Project object */ = {
			isa = PBXProject;
			attributes = {
				LastSwiftUpdateCheck = 1010;
				LastUpgradeCheck = 1010;
				TargetAttributes = {
					E5E7B6D12224F70400B5B575 = {
						CreatedOnToolsVersion = 10.1;
						SystemCapabilities = {
							com.apple.BackgroundModes = {
								enabled = 1;
							};
							com.apple.Push = {
								enabled = 1;
							};
						};
					};
				};
			};
			buildConfigurationList = E5E7B6CD2224F70300B5B575 /* Build configuration list for PBXProject "traQ-R second" */;
			compatibilityVersion = "Xcode 9.3";
			developmentRegion = en;
			hasScannedForEncodings = 0;
			knownRegions = (
				en,
				Base,
			);
			mainGroup = E5E7B6C92224F70300B5B575;
			productRefGroup = E5E7B6D32224F70400B5B575 /* Products */;
			projectDirPath = "";
			projectRoot = "";
			targets = (
				E5E7B6D12224F70400B5B575 /* traQ-R second */,
			);
		};
/* End PBXProject section */

/* Begin PBXResourcesBuildPhase section */
		E5E7B6D02224F70400B5B575 /* Resources */ = {
			isa = PBXResourcesBuildPhase;
			buildActionMask = 2147483647;
			files = (
				E5E7B6E02224F70B00B5B575 /* LaunchScreen.storyboard in Resources */,
				E5DE7E142224FB0500EC8EC0 /* GoogleService-Info.plist in Resources */,
				E5E7B6DD2224F70B00B5B575 /* Assets.xcassets in Resources */,
				E5E7B6DB2224F70400B5B575 /* Main.storyboard in Resources */,
			);
			runOnlyForDeploymentPostprocessing = 0;
		};
/* End PBXResourcesBuildPhase section */

/* Begin PBXShellScriptBuildPhase section */
		0A485ED20FAB62E4B28B657C /* [CP] Embed Pods Frameworks */ = {
			isa = PBXShellScriptBuildPhase;
			buildActionMask = 2147483647;
			files = (
			);
			inputFileListPaths = (
			);
			inputPaths = (
				"${SRCROOT}/Pods/Target Support Files/Pods-traQ-R second/Pods-traQ-R second-frameworks.sh",
				"${BUILT_PRODUCTS_DIR}/GoogleUtilities/GoogleUtilities.framework",
				"${BUILT_PRODUCTS_DIR}/Protobuf/Protobuf.framework",
				"${BUILT_PRODUCTS_DIR}/nanopb/nanopb.framework",
			);
			name = "[CP] Embed Pods Frameworks";
			outputFileListPaths = (
			);
			outputPaths = (
				"${TARGET_BUILD_DIR}/${FRAMEWORKS_FOLDER_PATH}/GoogleUtilities.framework",
				"${TARGET_BUILD_DIR}/${FRAMEWORKS_FOLDER_PATH}/Protobuf.framework",
				"${TARGET_BUILD_DIR}/${FRAMEWORKS_FOLDER_PATH}/nanopb.framework",
			);
			runOnlyForDeploymentPostprocessing = 0;
			shellPath = /bin/sh;
			shellScript = "\"${SRCROOT}/Pods/Target Support Files/Pods-traQ-R second/Pods-traQ-R second-frameworks.sh\"\n";
			showEnvVarsInLog = 0;
		};
		8EB699FA2F3965F162DA2C7B /* [CP] Check Pods Manifest.lock */ = {
			isa = PBXShellScriptBuildPhase;
			buildActionMask = 2147483647;
			files = (
			);
			inputFileListPaths = (
			);
			inputPaths = (
				"${PODS_PODFILE_DIR_PATH}/Podfile.lock",
				"${PODS_ROOT}/Manifest.lock",
			);
			name = "[CP] Check Pods Manifest.lock";
			outputFileListPaths = (
			);
			outputPaths = (
				"$(DERIVED_FILE_DIR)/Pods-traQ-R second-checkManifestLockResult.txt",
			);
			runOnlyForDeploymentPostprocessing = 0;
			shellPath = /bin/sh;
			shellScript = "diff \"${PODS_PODFILE_DIR_PATH}/Podfile.lock\" \"${PODS_ROOT}/Manifest.lock\" > /dev/null\nif [ $? != 0 ] ; then\n    # print error to STDERR\n    echo \"error: The sandbox is not in sync with the Podfile.lock. Run 'pod install' or update your CocoaPods installation.\" >&2\n    exit 1\nfi\n# This output is used by Xcode 'outputs' to avoid re-running this script phase.\necho \"SUCCESS\" > \"${SCRIPT_OUTPUT_FILE_0}\"\n";
			showEnvVarsInLog = 0;
		};
/* End PBXShellScriptBuildPhase section */

/* Begin PBXSourcesBuildPhase section */
		E5E7B6CE2224F70400B5B575 /* Sources */ = {
			isa = PBXSourcesBuildPhase;
			buildActionMask = 2147483647;
			files = (
				E5E7B6D82224F70400B5B575 /* ViewController.swift in Sources */,
				E5E7B6D62224F70400B5B575 /* AppDelegate.swift in Sources */,
			);
			runOnlyForDeploymentPostprocessing = 0;
		};
/* End PBXSourcesBuildPhase section */

/* Begin PBXVariantGroup section */
		E5E7B6D92224F70400B5B575 /* Main.storyboard */ = {
			isa = PBXVariantGroup;
			children = (
				E5E7B6DA2224F70400B5B575 /* Base */,
			);
			name = Main.storyboard;
			sourceTree = "<group>";
		};
		E5E7B6DE2224F70B00B5B575 /* LaunchScreen.storyboard */ = {
			isa = PBXVariantGroup;
			children = (
				E5E7B6DF2224F70B00B5B575 /* Base */,
			);
			name = LaunchScreen.storyboard;
			sourceTree = "<group>";
		};
/* End PBXVariantGroup section */

/* Begin XCBuildConfiguration section */
		E5E7B6E22224F70B00B5B575 /* Debug */ = {
			isa = XCBuildConfiguration;
			buildSettings = {
				ALWAYS_SEARCH_USER_PATHS = NO;
				CLANG_ANALYZER_NONNULL = YES;
				CLANG_ANALYZER_NUMBER_OBJECT_CONVERSION = YES_AGGRESSIVE;
				CLANG_CXX_LANGUAGE_STANDARD = "gnu++14";
				CLANG_CXX_LIBRARY = "libc++";
				CLANG_ENABLE_MODULES = YES;
				CLANG_ENABLE_OBJC_ARC = YES;
				CLANG_ENABLE_OBJC_WEAK = YES;
				CLANG_WARN_BLOCK_CAPTURE_AUTORELEASING = YES;
				CLANG_WARN_BOOL_CONVERSION = YES;
				CLANG_WARN_COMMA = YES;
				CLANG_WARN_CONSTANT_CONVERSION = YES;
				CLANG_WARN_DEPRECATED_OBJC_IMPLEMENTATIONS = YES;
				CLANG_WARN_DIRECT_OBJC_ISA_USAGE = YES_ERROR;
				CLANG_WARN_DOCUMENTATION_COMMENTS = YES;
				CLANG_WARN_EMPTY_BODY = YES;
				CLANG_WARN_ENUM_CONVERSION = YES;
				CLANG_WARN_INFINITE_RECURSION = YES;
				CLANG_WARN_INT_CONVERSION = YES;
				CLANG_WARN_NON_LITERAL_NULL_CONVERSION = YES;
				CLANG_WARN_OBJC_IMPLICIT_RETAIN_SELF = YES;
				CLANG_WARN_OBJC_LITERAL_CONVERSION = YES;
				CLANG_WARN_OBJC_ROOT_CLASS = YES_ERROR;
				CLANG_WARN_RANGE_LOOP_ANALYSIS = YES;
				CLANG_WARN_STRICT_PROTOTYPES = YES;
				CLANG_WARN_SUSPICIOUS_MOVE = YES;
				CLANG_WARN_UNGUARDED_AVAILABILITY = YES_AGGRESSIVE;
				CLANG_WARN_UNREACHABLE_CODE = YES;
				CLANG_WARN__DUPLICATE_METHOD_MATCH = YES;
				CODE_SIGN_IDENTITY = "iPhone Developer";
				COPY_PHASE_STRIP = NO;
				DEBUG_INFORMATION_FORMAT = dwarf;
				ENABLE_STRICT_OBJC_MSGSEND = YES;
				ENABLE_TESTABILITY = YES;
				GCC_C_LANGUAGE_STANDARD = gnu11;
				GCC_DYNAMIC_NO_PIC = NO;
				GCC_NO_COMMON_BLOCKS = YES;
				GCC_OPTIMIZATION_LEVEL = 0;
				GCC_PREPROCESSOR_DEFINITIONS = (
					"DEBUG=1",
					"$(inherited)",
				);
				GCC_WARN_64_TO_32_BIT_CONVERSION = YES;
				GCC_WARN_ABOUT_RETURN_TYPE = YES_ERROR;
				GCC_WARN_UNDECLARED_SELECTOR = YES;
				GCC_WARN_UNINITIALIZED_AUTOS = YES_AGGRESSIVE;
				GCC_WARN_UNUSED_FUNCTION = YES;
				GCC_WARN_UNUSED_VARIABLE = YES;
				IPHONEOS_DEPLOYMENT_TARGET = 12.1;
				MTL_ENABLE_DEBUG_INFO = INCLUDE_SOURCE;
				MTL_FAST_MATH = YES;
				ONLY_ACTIVE_ARCH = YES;
				SDKROOT = iphoneos;
				SWIFT_ACTIVE_COMPILATION_CONDITIONS = DEBUG;
				SWIFT_OPTIMIZATION_LEVEL = "-Onone";
			};
			name = Debug;
		};
		E5E7B6E32224F70B00B5B575 /* Release */ = {
			isa = XCBuildConfiguration;
			buildSettings = {
				ALWAYS_SEARCH_USER_PATHS = NO;
				CLANG_ANALYZER_NONNULL = YES;
				CLANG_ANALYZER_NUMBER_OBJECT_CONVERSION = YES_AGGRESSIVE;
				CLANG_CXX_LANGUAGE_STANDARD = "gnu++14";
				CLANG_CXX_LIBRARY = "libc++";
				CLANG_ENABLE_MODULES = YES;
				CLANG_ENABLE_OBJC_ARC = YES;
				CLANG_ENABLE_OBJC_WEAK = YES;
				CLANG_WARN_BLOCK_CAPTURE_AUTORELEASING = YES;
				CLANG_WARN_BOOL_CONVERSION = YES;
				CLANG_WARN_COMMA = YES;
				CLANG_WARN_CONSTANT_CONVERSION = YES;
				CLANG_WARN_DEPRECATED_OBJC_IMPLEMENTATIONS = YES;
				CLANG_WARN_DIRECT_OBJC_ISA_USAGE = YES_ERROR;
				CLANG_WARN_DOCUMENTATION_COMMENTS = YES;
				CLANG_WARN_EMPTY_BODY = YES;
				CLANG_WARN_ENUM_CONVERSION = YES;
				CLANG_WARN_INFINITE_RECURSION = YES;
				CLANG_WARN_INT_CONVERSION = YES;
				CLANG_WARN_NON_LITERAL_NULL_CONVERSION = YES;
				CLANG_WARN_OBJC_IMPLICIT_RETAIN_SELF = YES;
				CLANG_WARN_OBJC_LITERAL_CONVERSION = YES;
				CLANG_WARN_OBJC_ROOT_CLASS = YES_ERROR;
				CLANG_WARN_RANGE_LOOP_ANALYSIS = YES;
				CLANG_WARN_STRICT_PROTOTYPES = YES;
				CLANG_WARN_SUSPICIOUS_MOVE = YES;
				CLANG_WARN_UNGUARDED_AVAILABILITY = YES_AGGRESSIVE;
				CLANG_WARN_UNREACHABLE_CODE = YES;
				CLANG_WARN__DUPLICATE_METHOD_MATCH = YES;
				CODE_SIGN_IDENTITY = "iPhone Developer";
				COPY_PHASE_STRIP = NO;
				DEBUG_INFORMATION_FORMAT = "dwarf-with-dsym";
				ENABLE_NS_ASSERTIONS = NO;
				ENABLE_STRICT_OBJC_MSGSEND = YES;
				GCC_C_LANGUAGE_STANDARD = gnu11;
				GCC_NO_COMMON_BLOCKS = YES;
				GCC_WARN_64_TO_32_BIT_CONVERSION = YES;
				GCC_WARN_ABOUT_RETURN_TYPE = YES_ERROR;
				GCC_WARN_UNDECLARED_SELECTOR = YES;
				GCC_WARN_UNINITIALIZED_AUTOS = YES_AGGRESSIVE;
				GCC_WARN_UNUSED_FUNCTION = YES;
				GCC_WARN_UNUSED_VARIABLE = YES;
				IPHONEOS_DEPLOYMENT_TARGET = 12.1;
				MTL_ENABLE_DEBUG_INFO = NO;
				MTL_FAST_MATH = YES;
				SDKROOT = iphoneos;
				SWIFT_COMPILATION_MODE = wholemodule;
				SWIFT_OPTIMIZATION_LEVEL = "-O";
				VALIDATE_PRODUCT = YES;
			};
			name = Release;
		};
		E5E7B6E52224F70B00B5B575 /* Debug */ = {
			isa = XCBuildConfiguration;
			baseConfigurationReference = 3460C98CAA9627EAC97BFCA5 /* Pods-traQ-R second.debug.xcconfig */;
			buildSettings = {
				ASSETCATALOG_COMPILER_APPICON_NAME = AppIcon;
				CODE_SIGN_ENTITLEMENTS = "traQ-R second/traQ-R second.entitlements";
				CODE_SIGN_STYLE = Automatic;
				DEVELOPMENT_TEAM = 3T86F866SY;
				INFOPLIST_FILE = "traQ-R second/Info.plist";
				LD_RUNPATH_SEARCH_PATHS = (
					"$(inherited)",
					"@executable_path/Frameworks",
				);
				PRODUCT_BUNDLE_IDENTIFIER = tech.trapti.traQ;
				PRODUCT_NAME = "$(TARGET_NAME)";
				SWIFT_VERSION = 4.2;
				TARGETED_DEVICE_FAMILY = "1,2";
			};
			name = Debug;
		};
		E5E7B6E62224F70B00B5B575 /* Release */ = {
			isa = XCBuildConfiguration;
			baseConfigurationReference = C14ECCB48CB7A7C783FE088D /* Pods-traQ-R second.release.xcconfig */;
			buildSettings = {
				ASSETCATALOG_COMPILER_APPICON_NAME = AppIcon;
				CODE_SIGN_ENTITLEMENTS = "traQ-R second/traQ-R second.entitlements";
				CODE_SIGN_STYLE = Automatic;
				DEVELOPMENT_TEAM = 3T86F866SY;
				INFOPLIST_FILE = "traQ-R second/Info.plist";
				LD_RUNPATH_SEARCH_PATHS = (
					"$(inherited)",
					"@executable_path/Frameworks",
				);
				PRODUCT_BUNDLE_IDENTIFIER = tech.trapti.traQ;
				PRODUCT_NAME = "$(TARGET_NAME)";
				SWIFT_VERSION = 4.2;
				TARGETED_DEVICE_FAMILY = "1,2";
			};
			name = Release;
		};
/* End XCBuildConfiguration section */

/* Begin XCConfigurationList section */
		E5E7B6CD2224F70300B5B575 /* Build configuration list for PBXProject "traQ-R second" */ = {
			isa = XCConfigurationList;
			buildConfigurations = (
				E5E7B6E22224F70B00B5B575 /* Debug */,
				E5E7B6E32224F70B00B5B575 /* Release */,
			);
			defaultConfigurationIsVisible = 0;
			defaultConfigurationName = Release;
		};
		E5E7B6E42224F70B00B5B575 /* Build configuration list for PBXNativeTarget "traQ-R second" */ = {
			isa = XCConfigurationList;
			buildConfigurations = (
				E5E7B6E52224F70B00B5B575 /* Debug */,
				E5E7B6E62224F70B00B5B575 /* Release */,
			);
			defaultConfigurationIsVisible = 0;
			defaultConfigurationName = Release;
		};
/* End XCConfigurationList section */
	};
	rootObject = E5E7B6CA2224F70300B5B575 /* Project object */;
}
