// !$*UTF8*$!
{
	archiveVersion = 1;
	classes = {
	};
	objectVersion = 51;
	objects = {

/* Begin PBXBuildFile section */
		4C3DA4DE3D73E5988E6B0548 /* Pods_traQ_S.framework in Frameworks */ = {isa = PBXBuildFile; fileRef = F5B7812E1AE78BE784B9B716 /* Pods_traQ_S.framework */; };
		B9057B43233E44DB0051061C /* ShareChannelViewController.swift in Sources */ = {isa = PBXBuildFile; fileRef = B9057B42233E44DB0051061C /* ShareChannelViewController.swift */; };
		B92846C02449731F00ABF9AD /* FullScreenWKWebView.swift in Sources */ = {isa = PBXBuildFile; fileRef = B92846BF2449731F00ABF9AD /* FullScreenWKWebView.swift */; };
		B9A555AB23338309005D1419 /* ShareViewController.swift in Sources */ = {isa = PBXBuildFile; fileRef = B9A555AA23338309005D1419 /* ShareViewController.swift */; };
		B9A555AE23338309005D1419 /* MainInterface.storyboard in Resources */ = {isa = PBXBuildFile; fileRef = B9A555AC23338309005D1419 /* MainInterface.storyboard */; };
		B9A555B223338309005D1419 /* traQShareExtension.appex in Embed App Extensions */ = {isa = PBXBuildFile; fileRef = B9A555A823338309005D1419 /* traQShareExtension.appex */; settings = {ATTRIBUTES = (RemoveHeadersOnCopy, ); }; };
		B9A555B92334506F005D1419 /* ShareExtensionPageTitleProcessor.js in Resources */ = {isa = PBXBuildFile; fileRef = B9A555B82334506F005D1419 /* ShareExtensionPageTitleProcessor.js */; };
		B9BCE4F32449549800A4472E /* GoogleService-Info.plist in Resources */ = {isa = PBXBuildFile; fileRef = B9BCE4F22449549800A4472E /* GoogleService-Info.plist */; };
		E5E7B6D62224F70400B5B575 /* AppDelegate.swift in Sources */ = {isa = PBXBuildFile; fileRef = E5E7B6D52224F70400B5B575 /* AppDelegate.swift */; };
		E5E7B6D82224F70400B5B575 /* ViewController.swift in Sources */ = {isa = PBXBuildFile; fileRef = E5E7B6D72224F70400B5B575 /* ViewController.swift */; };
		E5E7B6DB2224F70400B5B575 /* Main.storyboard in Resources */ = {isa = PBXBuildFile; fileRef = E5E7B6D92224F70400B5B575 /* Main.storyboard */; };
		E5E7B6DD2224F70B00B5B575 /* Assets.xcassets in Resources */ = {isa = PBXBuildFile; fileRef = E5E7B6DC2224F70B00B5B575 /* Assets.xcassets */; };
		E5E7B6E02224F70B00B5B575 /* LaunchScreen.storyboard in Resources */ = {isa = PBXBuildFile; fileRef = E5E7B6DE2224F70B00B5B575 /* LaunchScreen.storyboard */; };
/* End PBXBuildFile section */

/* Begin PBXContainerItemProxy section */
		B9A555B023338309005D1419 /* PBXContainerItemProxy */ = {
			isa = PBXContainerItemProxy;
			containerPortal = E5E7B6CA2224F70300B5B575 /* Project object */;
			proxyType = 1;
			remoteGlobalIDString = B9A555A723338309005D1419;
			remoteInfo = traQShareExtension;
		};
/* End PBXContainerItemProxy section */

/* Begin PBXCopyFilesBuildPhase section */
		B9A555B623338309005D1419 /* Embed App Extensions */ = {
			isa = PBXCopyFilesBuildPhase;
			buildActionMask = 2147483647;
			dstPath = "";
			dstSubfolderSpec = 13;
			files = (
				B9A555B223338309005D1419 /* traQShareExtension.appex in Embed App Extensions */,
			);
			name = "Embed App Extensions";
			runOnlyForDeploymentPostprocessing = 0;
		};
/* End PBXCopyFilesBuildPhase section */

/* Begin PBXFileReference section */
		3460C98CAA9627EAC97BFCA5 /* Pods-traQ-R second.debug.xcconfig */ = {isa = PBXFileReference; includeInIndex = 1; lastKnownFileType = text.xcconfig; name = "Pods-traQ-R second.debug.xcconfig"; path = "Pods/Target Support Files/Pods-traQ-R second/Pods-traQ-R second.debug.xcconfig"; sourceTree = "<group>"; };
		606E5B67AA07804648696557 /* Pods-traQ-S.release.xcconfig */ = {isa = PBXFileReference; includeInIndex = 1; lastKnownFileType = text.xcconfig; name = "Pods-traQ-S.release.xcconfig"; path = "Pods/Target Support Files/Pods-traQ-S/Pods-traQ-S.release.xcconfig"; sourceTree = "<group>"; };
		B9057B42233E44DB0051061C /* ShareChannelViewController.swift */ = {isa = PBXFileReference; lastKnownFileType = sourcecode.swift; path = ShareChannelViewController.swift; sourceTree = "<group>"; };
		B92846BF2449731F00ABF9AD /* FullScreenWKWebView.swift */ = {isa = PBXFileReference; lastKnownFileType = sourcecode.swift; path = FullScreenWKWebView.swift; sourceTree = "<group>"; };
		B9A555A823338309005D1419 /* traQShareExtension.appex */ = {isa = PBXFileReference; explicitFileType = "wrapper.app-extension"; includeInIndex = 0; path = traQShareExtension.appex; sourceTree = BUILT_PRODUCTS_DIR; };
		B9A555AA23338309005D1419 /* ShareViewController.swift */ = {isa = PBXFileReference; lastKnownFileType = sourcecode.swift; path = ShareViewController.swift; sourceTree = "<group>"; };
		B9A555AD23338309005D1419 /* Base */ = {isa = PBXFileReference; lastKnownFileType = file.storyboard; name = Base; path = Base.lproj/MainInterface.storyboard; sourceTree = "<group>"; };
		B9A555AF23338309005D1419 /* Info.plist */ = {isa = PBXFileReference; lastKnownFileType = text.plist.xml; path = Info.plist; sourceTree = "<group>"; };
		B9A555B723338523005D1419 /* traQShareExtension.entitlements */ = {isa = PBXFileReference; lastKnownFileType = text.plist.entitlements; path = traQShareExtension.entitlements; sourceTree = "<group>"; };
		B9A555B82334506F005D1419 /* ShareExtensionPageTitleProcessor.js */ = {isa = PBXFileReference; lastKnownFileType = sourcecode.javascript; path = ShareExtensionPageTitleProcessor.js; sourceTree = "<group>"; };
		B9AA2D2EB69C666C4044305C /* Pods-traQ-S.debug.xcconfig */ = {isa = PBXFileReference; includeInIndex = 1; lastKnownFileType = text.xcconfig; name = "Pods-traQ-S.debug.xcconfig"; path = "Pods/Target Support Files/Pods-traQ-S/Pods-traQ-S.debug.xcconfig"; sourceTree = "<group>"; };
		B9BCE4F22449549800A4472E /* GoogleService-Info.plist */ = {isa = PBXFileReference; fileEncoding = 4; lastKnownFileType = text.plist.xml; path = "GoogleService-Info.plist"; sourceTree = "<group>"; };
		C14ECCB48CB7A7C783FE088D /* Pods-traQ-R second.release.xcconfig */ = {isa = PBXFileReference; includeInIndex = 1; lastKnownFileType = text.xcconfig; name = "Pods-traQ-R second.release.xcconfig"; path = "Pods/Target Support Files/Pods-traQ-R second/Pods-traQ-R second.release.xcconfig"; sourceTree = "<group>"; };
		E5E7B6D22224F70400B5B575 /* traQ.app */ = {isa = PBXFileReference; explicitFileType = wrapper.application; includeInIndex = 0; path = traQ.app; sourceTree = BUILT_PRODUCTS_DIR; };
		E5E7B6D52224F70400B5B575 /* AppDelegate.swift */ = {isa = PBXFileReference; lastKnownFileType = sourcecode.swift; path = AppDelegate.swift; sourceTree = "<group>"; };
		E5E7B6D72224F70400B5B575 /* ViewController.swift */ = {isa = PBXFileReference; lastKnownFileType = sourcecode.swift; path = ViewController.swift; sourceTree = "<group>"; };
		E5E7B6DA2224F70400B5B575 /* Base */ = {isa = PBXFileReference; lastKnownFileType = file.storyboard; name = Base; path = Base.lproj/Main.storyboard; sourceTree = "<group>"; };
		E5E7B6DC2224F70B00B5B575 /* Assets.xcassets */ = {isa = PBXFileReference; lastKnownFileType = folder.assetcatalog; path = Assets.xcassets; sourceTree = "<group>"; };
		E5E7B6DF2224F70B00B5B575 /* Base */ = {isa = PBXFileReference; lastKnownFileType = file.storyboard; name = Base; path = Base.lproj/LaunchScreen.storyboard; sourceTree = "<group>"; };
		E5E7B6E12224F70B00B5B575 /* Info.plist */ = {isa = PBXFileReference; lastKnownFileType = text.plist.xml; path = Info.plist; sourceTree = "<group>"; };
		E5E7B6E72224F74600B5B575 /* traQ-R second.entitlements */ = {isa = PBXFileReference; lastKnownFileType = text.plist.entitlements; path = "traQ-R second.entitlements"; sourceTree = "<group>"; };
		F5B7812E1AE78BE784B9B716 /* Pods_traQ_S.framework */ = {isa = PBXFileReference; explicitFileType = wrapper.framework; includeInIndex = 0; path = Pods_traQ_S.framework; sourceTree = BUILT_PRODUCTS_DIR; };
/* End PBXFileReference section */

/* Begin PBXFrameworksBuildPhase section */
		B9A555A523338309005D1419 /* Frameworks */ = {
			isa = PBXFrameworksBuildPhase;
			buildActionMask = 2147483647;
			files = (
			);
			runOnlyForDeploymentPostprocessing = 0;
		};
		E5E7B6CF2224F70400B5B575 /* Frameworks */ = {
			isa = PBXFrameworksBuildPhase;
			buildActionMask = 2147483647;
			files = (
				4C3DA4DE3D73E5988E6B0548 /* Pods_traQ_S.framework in Frameworks */,
			);
			runOnlyForDeploymentPostprocessing = 0;
		};
/* End PBXFrameworksBuildPhase section */

/* Begin PBXGroup section */
		094F0A604565D689DC598F70 /* Pods */ = {
			isa = PBXGroup;
			children = (
				3460C98CAA9627EAC97BFCA5 /* Pods-traQ-R second.debug.xcconfig */,
				C14ECCB48CB7A7C783FE088D /* Pods-traQ-R second.release.xcconfig */,
				B9AA2D2EB69C666C4044305C /* Pods-traQ-S.debug.xcconfig */,
				606E5B67AA07804648696557 /* Pods-traQ-S.release.xcconfig */,
			);
			name = Pods;
			sourceTree = "<group>";
		};
		207A5F3B57CDF299D83C29E2 /* Frameworks */ = {
			isa = PBXGroup;
			children = (
				F5B7812E1AE78BE784B9B716 /* Pods_traQ_S.framework */,
			);
			name = Frameworks;
			sourceTree = "<group>";
		};
		B9A555A923338309005D1419 /* traQShareExtension */ = {
			isa = PBXGroup;
			children = (
				B9A555B723338523005D1419 /* traQShareExtension.entitlements */,
				B9A555AA23338309005D1419 /* ShareViewController.swift */,
				B9057B42233E44DB0051061C /* ShareChannelViewController.swift */,
				B9A555AC23338309005D1419 /* MainInterface.storyboard */,
				B9A555AF23338309005D1419 /* Info.plist */,
				B9A555B82334506F005D1419 /* ShareExtensionPageTitleProcessor.js */,
			);
			path = traQShareExtension;
			sourceTree = "<group>";
		};
		E5E7B6C92224F70300B5B575 = {
			isa = PBXGroup;
			children = (
				E5E7B6D42224F70400B5B575 /* traQ-R second */,
				B9A555A923338309005D1419 /* traQShareExtension */,
				E5E7B6D32224F70400B5B575 /* Products */,
				094F0A604565D689DC598F70 /* Pods */,
				207A5F3B57CDF299D83C29E2 /* Frameworks */,
			);
			sourceTree = "<group>";
		};
		E5E7B6D32224F70400B5B575 /* Products */ = {
			isa = PBXGroup;
			children = (
				E5E7B6D22224F70400B5B575 /* traQ.app */,
				B9A555A823338309005D1419 /* traQShareExtension.appex */,
			);
			name = Products;
			sourceTree = "<group>";
		};
		E5E7B6D42224F70400B5B575 /* traQ-R second */ = {
			isa = PBXGroup;
			children = (
				E5E7B6E72224F74600B5B575 /* traQ-R second.entitlements */,
				B9BCE4F22449549800A4472E /* GoogleService-Info.plist */,
				E5E7B6D52224F70400B5B575 /* AppDelegate.swift */,
				E5E7B6D72224F70400B5B575 /* ViewController.swift */,
				E5E7B6D92224F70400B5B575 /* Main.storyboard */,
				E5E7B6DC2224F70B00B5B575 /* Assets.xcassets */,
				E5E7B6DE2224F70B00B5B575 /* LaunchScreen.storyboard */,
				E5E7B6E12224F70B00B5B575 /* Info.plist */,
				B92846BF2449731F00ABF9AD /* FullScreenWKWebView.swift */,
			);
			path = "traQ-R second";
			sourceTree = "<group>";
		};
/* End PBXGroup section */

/* Begin PBXNativeTarget section */
		B9A555A723338309005D1419 /* traQShareExtension */ = {
			isa = PBXNativeTarget;
			buildConfigurationList = B9A555B523338309005D1419 /* Build configuration list for PBXNativeTarget "traQShareExtension" */;
			buildPhases = (
				B9A555A423338309005D1419 /* Sources */,
				B9A555A523338309005D1419 /* Frameworks */,
				B9A555A623338309005D1419 /* Resources */,
			);
			buildRules = (
			);
			dependencies = (
			);
			name = traQShareExtension;
			productName = traQShareExtension;
			productReference = B9A555A823338309005D1419 /* traQShareExtension.appex */;
			productType = "com.apple.product-type.app-extension";
		};
		E5E7B6D12224F70400B5B575 /* traQ-S */ = {
			isa = PBXNativeTarget;
			buildConfigurationList = E5E7B6E42224F70B00B5B575 /* Build configuration list for PBXNativeTarget "traQ-S" */;
			buildPhases = (
				8EB699FA2F3965F162DA2C7B /* [CP] Check Pods Manifest.lock */,
				E5E7B6CE2224F70400B5B575 /* Sources */,
				E5E7B6CF2224F70400B5B575 /* Frameworks */,
				E5E7B6D02224F70400B5B575 /* Resources */,
				0A485ED20FAB62E4B28B657C /* [CP] Embed Pods Frameworks */,
				B9A555B623338309005D1419 /* Embed App Extensions */,
			);
			buildRules = (
			);
			dependencies = (
				B9A555B123338309005D1419 /* PBXTargetDependency */,
			);
			name = "traQ-S";
			productName = "traQ-R second";
			productReference = E5E7B6D22224F70400B5B575 /* traQ.app */;
			productType = "com.apple.product-type.application";
		};
/* End PBXNativeTarget section */

/* Begin PBXProject section */
		E5E7B6CA2224F70300B5B575 /* Project object */ = {
			isa = PBXProject;
			attributes = {
				LastSwiftUpdateCheck = 1030;
				LastUpgradeCheck = 1010;
				TargetAttributes = {
					B9A555A723338309005D1419 = {
						CreatedOnToolsVersion = 10.3;
						SystemCapabilities = {
							com.apple.ApplicationGroups.iOS = {
								enabled = 1;
							};
							com.apple.Keychain = {
								enabled = 1;
							};
						};
					};
					E5E7B6D12224F70400B5B575 = {
						CreatedOnToolsVersion = 10.1;
						SystemCapabilities = {
							com.apple.ApplicationGroups.iOS = {
								enabled = 1;
							};
							com.apple.BackgroundModes = {
								enabled = 1;
							};
							com.apple.Keychain = {
								enabled = 1;
							};
							com.apple.Push = {
								enabled = 1;
							};
						};
					};
				};
			};
			buildConfigurationList = E5E7B6CD2224F70300B5B575 /* Build configuration list for PBXProject "traQ-R second" */;
			compatibilityVersion = "Xcode 9.3";
			developmentRegion = en;
			hasScannedForEncodings = 0;
			knownRegions = (
				en,
				Base,
			);
			mainGroup = E5E7B6C92224F70300B5B575;
			productRefGroup = E5E7B6D32224F70400B5B575 /* Products */;
			projectDirPath = "";
			projectRoot = "";
			targets = (
				E5E7B6D12224F70400B5B575 /* traQ-S */,
				B9A555A723338309005D1419 /* traQShareExtension */,
			);
		};
/* End PBXProject section */

/* Begin PBXResourcesBuildPhase section */
		B9A555A623338309005D1419 /* Resources */ = {
			isa = PBXResourcesBuildPhase;
			buildActionMask = 2147483647;
			files = (
				B9A555B92334506F005D1419 /* ShareExtensionPageTitleProcessor.js in Resources */,
				B9A555AE23338309005D1419 /* MainInterface.storyboard in Resources */,
			);
			runOnlyForDeploymentPostprocessing = 0;
		};
		E5E7B6D02224F70400B5B575 /* Resources */ = {
			isa = PBXResourcesBuildPhase;
			buildActionMask = 2147483647;
			files = (
				E5E7B6E02224F70B00B5B575 /* LaunchScreen.storyboard in Resources */,
				B9BCE4F32449549800A4472E /* GoogleService-Info.plist in Resources */,
				E5E7B6DD2224F70B00B5B575 /* Assets.xcassets in Resources */,
				E5E7B6DB2224F70400B5B575 /* Main.storyboard in Resources */,
			);
			runOnlyForDeploymentPostprocessing = 0;
		};
/* End PBXResourcesBuildPhase section */

/* Begin PBXShellScriptBuildPhase section */
		0A485ED20FAB62E4B28B657C /* [CP] Embed Pods Frameworks */ = {
			isa = PBXShellScriptBuildPhase;
			buildActionMask = 2147483647;
			files = (
			);
			inputFileListPaths = (
				"${PODS_ROOT}/Target Support Files/Pods-traQ-S/Pods-traQ-S-frameworks-${CONFIGURATION}-input-files.xcfilelist",
			);
			name = "[CP] Embed Pods Frameworks";
			outputFileListPaths = (
				"${PODS_ROOT}/Target Support Files/Pods-traQ-S/Pods-traQ-S-frameworks-${CONFIGURATION}-output-files.xcfilelist",
			);
			runOnlyForDeploymentPostprocessing = 0;
			shellPath = /bin/sh;
			shellScript = "\"${PODS_ROOT}/Target Support Files/Pods-traQ-S/Pods-traQ-S-frameworks.sh\"\n";
			showEnvVarsInLog = 0;
		};
		8EB699FA2F3965F162DA2C7B /* [CP] Check Pods Manifest.lock */ = {
			isa = PBXShellScriptBuildPhase;
			buildActionMask = 2147483647;
			files = (
			);
			inputFileListPaths = (
			);
			inputPaths = (
				"${PODS_PODFILE_DIR_PATH}/Podfile.lock",
				"${PODS_ROOT}/Manifest.lock",
			);
			name = "[CP] Check Pods Manifest.lock";
			outputFileListPaths = (
			);
			outputPaths = (
				"$(DERIVED_FILE_DIR)/Pods-traQ-S-checkManifestLockResult.txt",
			);
			runOnlyForDeploymentPostprocessing = 0;
			shellPath = /bin/sh;
			shellScript = "diff \"${PODS_PODFILE_DIR_PATH}/Podfile.lock\" \"${PODS_ROOT}/Manifest.lock\" > /dev/null\nif [ $? != 0 ] ; then\n    # print error to STDERR\n    echo \"error: The sandbox is not in sync with the Podfile.lock. Run 'pod install' or update your CocoaPods installation.\" >&2\n    exit 1\nfi\n# This output is used by Xcode 'outputs' to avoid re-running this script phase.\necho \"SUCCESS\" > \"${SCRIPT_OUTPUT_FILE_0}\"\n";
			showEnvVarsInLog = 0;
		};
/* End PBXShellScriptBuildPhase section */

/* Begin PBXSourcesBuildPhase section */
		B9A555A423338309005D1419 /* Sources */ = {
			isa = PBXSourcesBuildPhase;
			buildActionMask = 2147483647;
			files = (
				B9057B43233E44DB0051061C /* ShareChannelViewController.swift in Sources */,
				B9A555AB23338309005D1419 /* ShareViewController.swift in Sources */,
			);
			runOnlyForDeploymentPostprocessing = 0;
		};
		E5E7B6CE2224F70400B5B575 /* Sources */ = {
			isa = PBXSourcesBuildPhase;
			buildActionMask = 2147483647;
			files = (
				E5E7B6D82224F70400B5B575 /* ViewController.swift in Sources */,
				E5E7B6D62224F70400B5B575 /* AppDelegate.swift in Sources */,
				B92846C02449731F00ABF9AD /* FullScreenWKWebView.swift in Sources */,
			);
			runOnlyForDeploymentPostprocessing = 0;
		};
/* End PBXSourcesBuildPhase section */

/* Begin PBXTargetDependency section */
		B9A555B123338309005D1419 /* PBXTargetDependency */ = {
			isa = PBXTargetDependency;
			target = B9A555A723338309005D1419 /* traQShareExtension */;
			targetProxy = B9A555B023338309005D1419 /* PBXContainerItemProxy */;
		};
/* End PBXTargetDependency section */

/* Begin PBXVariantGroup section */
		B9A555AC23338309005D1419 /* MainInterface.storyboard */ = {
			isa = PBXVariantGroup;
			children = (
				B9A555AD23338309005D1419 /* Base */,
			);
			name = MainInterface.storyboard;
			sourceTree = "<group>";
		};
		E5E7B6D92224F70400B5B575 /* Main.storyboard */ = {
			isa = PBXVariantGroup;
			children = (
				E5E7B6DA2224F70400B5B575 /* Base */,
			);
			name = Main.storyboard;
			sourceTree = "<group>";
		};
		E5E7B6DE2224F70B00B5B575 /* LaunchScreen.storyboard */ = {
			isa = PBXVariantGroup;
			children = (
				E5E7B6DF2224F70B00B5B575 /* Base */,
			);
			name = LaunchScreen.storyboard;
			sourceTree = "<group>";
		};
/* End PBXVariantGroup section */

/* Begin XCBuildConfiguration section */
		B9A555B323338309005D1419 /* Debug */ = {
			isa = XCBuildConfiguration;
			buildSettings = {
				CODE_SIGN_ENTITLEMENTS = traQShareExtension/traQShareExtension.entitlements;
				CODE_SIGN_STYLE = Automatic;
				DEVELOPMENT_TEAM = 3T86F866SY;
				INFOPLIST_FILE = traQShareExtension/Info.plist;
				IPHONEOS_DEPLOYMENT_TARGET = 13.0;
				LD_RUNPATH_SEARCH_PATHS = (
					"$(inherited)",
					"@executable_path/Frameworks",
					"@executable_path/../../Frameworks",
				);
				PRODUCT_BUNDLE_IDENTIFIER = tech.trapti.traQ.traQShareExtension;
				PRODUCT_NAME = "$(TARGET_NAME)";
				SKIP_INSTALL = YES;
				SWIFT_VERSION = 5.0;
				TARGETED_DEVICE_FAMILY = "1,2";
			};
			name = Debug;
		};
		B9A555B423338309005D1419 /* Release */ = {
			isa = XCBuildConfiguration;
			buildSettings = {
				CODE_SIGN_ENTITLEMENTS = traQShareExtension/traQShareExtension.entitlements;
				CODE_SIGN_STYLE = Automatic;
				DEVELOPMENT_TEAM = 3T86F866SY;
				INFOPLIST_FILE = traQShareExtension/Info.plist;
				IPHONEOS_DEPLOYMENT_TARGET = 13.0;
				LD_RUNPATH_SEARCH_PATHS = (
					"$(inherited)",
					"@executable_path/Frameworks",
					"@executable_path/../../Frameworks",
				);
				PRODUCT_BUNDLE_IDENTIFIER = tech.trapti.traQ.traQShareExtension;
				PRODUCT_NAME = "$(TARGET_NAME)";
				SKIP_INSTALL = YES;
				SWIFT_VERSION = 5.0;
				TARGETED_DEVICE_FAMILY = "1,2";
			};
			name = Release;
		};
		E5E7B6E22224F70B00B5B575 /* Debug */ = {
			isa = XCBuildConfiguration;
			buildSettings = {
				ALWAYS_SEARCH_USER_PATHS = NO;
				CLANG_ANALYZER_NONNULL = YES;
				CLANG_ANALYZER_NUMBER_OBJECT_CONVERSION = YES_AGGRESSIVE;
				CLANG_CXX_LANGUAGE_STANDARD = "gnu++14";
				CLANG_CXX_LIBRARY = "libc++";
				CLANG_ENABLE_MODULES = YES;
				CLANG_ENABLE_OBJC_ARC = YES;
				CLANG_ENABLE_OBJC_WEAK = YES;
				CLANG_WARN_BLOCK_CAPTURE_AUTORELEASING = YES;
				CLANG_WARN_BOOL_CONVERSION = YES;
				CLANG_WARN_COMMA = YES;
				CLANG_WARN_CONSTANT_CONVERSION = YES;
				CLANG_WARN_DEPRECATED_OBJC_IMPLEMENTATIONS = YES;
				CLANG_WARN_DIRECT_OBJC_ISA_USAGE = YES_ERROR;
				CLANG_WARN_DOCUMENTATION_COMMENTS = YES;
				CLANG_WARN_EMPTY_BODY = YES;
				CLANG_WARN_ENUM_CONVERSION = YES;
				CLANG_WARN_INFINITE_RECURSION = YES;
				CLANG_WARN_INT_CONVERSION = YES;
				CLANG_WARN_NON_LITERAL_NULL_CONVERSION = YES;
				CLANG_WARN_OBJC_IMPLICIT_RETAIN_SELF = YES;
				CLANG_WARN_OBJC_LITERAL_CONVERSION = YES;
				CLANG_WARN_OBJC_ROOT_CLASS = YES_ERROR;
				CLANG_WARN_RANGE_LOOP_ANALYSIS = YES;
				CLANG_WARN_STRICT_PROTOTYPES = YES;
				CLANG_WARN_SUSPICIOUS_MOVE = YES;
				CLANG_WARN_UNGUARDED_AVAILABILITY = YES_AGGRESSIVE;
				CLANG_WARN_UNREACHABLE_CODE = YES;
				CLANG_WARN__DUPLICATE_METHOD_MATCH = YES;
				CODE_SIGN_IDENTITY = "iPhone Developer";
				COPY_PHASE_STRIP = NO;
				DEBUG_INFORMATION_FORMAT = dwarf;
				ENABLE_STRICT_OBJC_MSGSEND = YES;
				ENABLE_TESTABILITY = YES;
				GCC_C_LANGUAGE_STANDARD = gnu11;
				GCC_DYNAMIC_NO_PIC = NO;
				GCC_NO_COMMON_BLOCKS = YES;
				GCC_OPTIMIZATION_LEVEL = 0;
				GCC_PREPROCESSOR_DEFINITIONS = (
					"DEBUG=1",
					"$(inherited)",
				);
				GCC_WARN_64_TO_32_BIT_CONVERSION = YES;
				GCC_WARN_ABOUT_RETURN_TYPE = YES_ERROR;
				GCC_WARN_UNDECLARED_SELECTOR = YES;
				GCC_WARN_UNINITIALIZED_AUTOS = YES_AGGRESSIVE;
				GCC_WARN_UNUSED_FUNCTION = YES;
				GCC_WARN_UNUSED_VARIABLE = YES;
				IPHONEOS_DEPLOYMENT_TARGET = 13.4;
				MTL_ENABLE_DEBUG_INFO = INCLUDE_SOURCE;
				MTL_FAST_MATH = YES;
				ONLY_ACTIVE_ARCH = YES;
				SDKROOT = iphoneos;
				SWIFT_ACTIVE_COMPILATION_CONDITIONS = DEBUG;
				SWIFT_OPTIMIZATION_LEVEL = "-Onone";
			};
			name = Debug;
		};
		E5E7B6E32224F70B00B5B575 /* Release */ = {
			isa = XCBuildConfiguration;
			buildSettings = {
				ALWAYS_SEARCH_USER_PATHS = NO;
				CLANG_ANALYZER_NONNULL = YES;
				CLANG_ANALYZER_NUMBER_OBJECT_CONVERSION = YES_AGGRESSIVE;
				CLANG_CXX_LANGUAGE_STANDARD = "gnu++14";
				CLANG_CXX_LIBRARY = "libc++";
				CLANG_ENABLE_MODULES = YES;
				CLANG_ENABLE_OBJC_ARC = YES;
				CLANG_ENABLE_OBJC_WEAK = YES;
				CLANG_WARN_BLOCK_CAPTURE_AUTORELEASING = YES;
				CLANG_WARN_BOOL_CONVERSION = YES;
				CLANG_WARN_COMMA = YES;
				CLANG_WARN_CONSTANT_CONVERSION = YES;
				CLANG_WARN_DEPRECATED_OBJC_IMPLEMENTATIONS = YES;
				CLANG_WARN_DIRECT_OBJC_ISA_USAGE = YES_ERROR;
				CLANG_WARN_DOCUMENTATION_COMMENTS = YES;
				CLANG_WARN_EMPTY_BODY = YES;
				CLANG_WARN_ENUM_CONVERSION = YES;
				CLANG_WARN_INFINITE_RECURSION = YES;
				CLANG_WARN_INT_CONVERSION = YES;
				CLANG_WARN_NON_LITERAL_NULL_CONVERSION = YES;
				CLANG_WARN_OBJC_IMPLICIT_RETAIN_SELF = YES;
				CLANG_WARN_OBJC_LITERAL_CONVERSION = YES;
				CLANG_WARN_OBJC_ROOT_CLASS = YES_ERROR;
				CLANG_WARN_RANGE_LOOP_ANALYSIS = YES;
				CLANG_WARN_STRICT_PROTOTYPES = YES;
				CLANG_WARN_SUSPICIOUS_MOVE = YES;
				CLANG_WARN_UNGUARDED_AVAILABILITY = YES_AGGRESSIVE;
				CLANG_WARN_UNREACHABLE_CODE = YES;
				CLANG_WARN__DUPLICATE_METHOD_MATCH = YES;
				CODE_SIGN_IDENTITY = "iPhone Developer";
				COPY_PHASE_STRIP = NO;
				DEBUG_INFORMATION_FORMAT = "dwarf-with-dsym";
				ENABLE_NS_ASSERTIONS = NO;
				ENABLE_STRICT_OBJC_MSGSEND = YES;
				GCC_C_LANGUAGE_STANDARD = gnu11;
				GCC_NO_COMMON_BLOCKS = YES;
				GCC_WARN_64_TO_32_BIT_CONVERSION = YES;
				GCC_WARN_ABOUT_RETURN_TYPE = YES_ERROR;
				GCC_WARN_UNDECLARED_SELECTOR = YES;
				GCC_WARN_UNINITIALIZED_AUTOS = YES_AGGRESSIVE;
				GCC_WARN_UNUSED_FUNCTION = YES;
				GCC_WARN_UNUSED_VARIABLE = YES;
				IPHONEOS_DEPLOYMENT_TARGET = 13.4;
				MTL_ENABLE_DEBUG_INFO = NO;
				MTL_FAST_MATH = YES;
				SDKROOT = iphoneos;
				SWIFT_COMPILATION_MODE = wholemodule;
				SWIFT_OPTIMIZATION_LEVEL = "-O";
				VALIDATE_PRODUCT = YES;
			};
			name = Release;
		};
		E5E7B6E52224F70B00B5B575 /* Debug */ = {
			isa = XCBuildConfiguration;
			baseConfigurationReference = B9AA2D2EB69C666C4044305C /* Pods-traQ-S.debug.xcconfig */;
			buildSettings = {
				ALWAYS_EMBED_SWIFT_STANDARD_LIBRARIES = YES;
				ASSETCATALOG_COMPILER_APPICON_NAME = AppIcon;
				CODE_SIGN_ENTITLEMENTS = "traQ-R second/traQ-R second.entitlements";
				CODE_SIGN_STYLE = Automatic;
				CURRENT_PROJECT_VERSION = 19;
				DEVELOPMENT_TEAM = 3T86F866SY;
				INFOPLIST_FILE = "traQ-R second/Info.plist";
				IPHONEOS_DEPLOYMENT_TARGET = 13.4;
				LD_RUNPATH_SEARCH_PATHS = (
					"$(inherited)",
					"@executable_path/Frameworks",
				);
				MARKETING_VERSION = 3.0.0;
				PRODUCT_BUNDLE_IDENTIFIER = tech.trapti.traQ;
				PRODUCT_NAME = traQ;
				SWIFT_VERSION = 4.2;
				TARGETED_DEVICE_FAMILY = "1,2";
			};
			name = Debug;
		};
		E5E7B6E62224F70B00B5B575 /* Release */ = {
			isa = XCBuildConfiguration;
			baseConfigurationReference = 606E5B67AA07804648696557 /* Pods-traQ-S.release.xcconfig */;
			buildSettings = {
				ALWAYS_EMBED_SWIFT_STANDARD_LIBRARIES = YES;
				ASSETCATALOG_COMPILER_APPICON_NAME = AppIcon;
				CODE_SIGN_ENTITLEMENTS = "traQ-R second/traQ-R second.entitlements";
				CODE_SIGN_STYLE = Automatic;
				CURRENT_PROJECT_VERSION = 19;
				DEVELOPMENT_TEAM = 3T86F866SY;
				INFOPLIST_FILE = "traQ-R second/Info.plist";
				IPHONEOS_DEPLOYMENT_TARGET = 13.4;
				LD_RUNPATH_SEARCH_PATHS = (
					"$(inherited)",
					"@executable_path/Frameworks",
				);
				MARKETING_VERSION = 3.0.0;
				PRODUCT_BUNDLE_IDENTIFIER = tech.trapti.traQ;
				PRODUCT_NAME = traQ;
				SWIFT_VERSION = 4.2;
				TARGETED_DEVICE_FAMILY = "1,2";
			};
			name = Release;
		};
/* End XCBuildConfiguration section */

/* Begin XCConfigurationList section */
		B9A555B523338309005D1419 /* Build configuration list for PBXNativeTarget "traQShareExtension" */ = {
			isa = XCConfigurationList;
			buildConfigurations = (
				B9A555B323338309005D1419 /* Debug */,
				B9A555B423338309005D1419 /* Release */,
			);
			defaultConfigurationIsVisible = 0;
			defaultConfigurationName = Release;
		};
		E5E7B6CD2224F70300B5B575 /* Build configuration list for PBXProject "traQ-R second" */ = {
			isa = XCConfigurationList;
			buildConfigurations = (
				E5E7B6E22224F70B00B5B575 /* Debug */,
				E5E7B6E32224F70B00B5B575 /* Release */,
			);
			defaultConfigurationIsVisible = 0;
			defaultConfigurationName = Release;
		};
		E5E7B6E42224F70B00B5B575 /* Build configuration list for PBXNativeTarget "traQ-S" */ = {
			isa = XCConfigurationList;
			buildConfigurations = (
				E5E7B6E52224F70B00B5B575 /* Debug */,
				E5E7B6E62224F70B00B5B575 /* Release */,
			);
			defaultConfigurationIsVisible = 0;
			defaultConfigurationName = Release;
		};
/* End XCConfigurationList section */
	};
	rootObject = E5E7B6CA2224F70300B5B575 /* Project object */;
}
